
Microsoft Visual Studio Solution File, Format Version 12.00
# Visual Studio Version 17
VisualStudioVersion = 17.11.35303.130
MinimumVisualStudioVersion = 10.0.40219.1
Project("{FAE04EC0-301F-11D3-BF4B-00C04F79EFBC}") = "Project PBO test", "Project PBO test\Project PBO test.csproj", "{9F3AF24A-A1C5-437D-9A0A-715AF554B748}"
EndProject
Global
	GlobalSection(SolutionConfigurationPlatforms) = preSolution
		Debug|Any CPU = Debug|Any CPU
		Release|Any CPU = Release|Any CPU
	EndGlobalSection
	GlobalSection(ProjectConfigurationPlatforms) = postSolution
		{9F3AF24A-A1C5-437D-9A0A-715AF554B748}.Debug|Any CPU.ActiveCfg = Debug|Any CPU
		{9F3AF24A-A1C5-437D-9A0A-715AF554B748}.Debug|Any CPU.Build.0 = Debug|Any CPU
		{9F3AF24A-A1C5-437D-9A0A-715AF554B748}.Release|Any CPU.ActiveCfg = Release|Any CPU
		{9F3AF24A-A1C5-437D-9A0A-715AF554B748}.Release|Any CPU.Build.0 = Release|Any CPU
	EndGlobalSection
	GlobalSection(SolutionProperties) = preSolution
		HideSolutionNode = FALSE
	EndGlobalSection
	GlobalSection(ExtensibilityGlobals) = postSolution
		SolutionGuid = {E82A141D-8B64-4552-8BBC-30FC71B02DB4}
	EndGlobalSection
EndGlobal
